{
	"name": "@joelek/wtf",
	"version": "0.2.0",
	"lockfileVersion": 2,
	"requires": true,
	"packages": {
		"": {
			"name": "@joelek/wtf",
			"version": "0.2.0",
			"license": "MIT",
			"dependencies": {
				"@types/node": "^16.7"
			},
			"bin": {
				"wtf": "dist/cli/index.js"
			},
			"devDependencies": {
				"typescript": "^4.4"
			}
		},
		"node_modules/@types/node": {
			"version": "16.11.49",
			"resolved": "https://registry.npmjs.org/@types/node/-/node-16.11.49.tgz",
			"integrity": "sha512-Abq9fBviLV93OiXMu+f6r0elxCzRwc0RC5f99cU892uBITL44pTvgvEqlRlPRi8EGcO1z7Cp8A4d0s/p3J/+Nw=="
		},
		"node_modules/typescript": {
			"version": "4.7.3",
			"resolved": "https://registry.npmjs.org/typescript/-/typescript-4.7.3.tgz",
			"integrity": "sha512-WOkT3XYvrpXx4vMMqlD+8R8R37fZkjyLGlxavMc4iB8lrl8L0DeTcHbYgw/v0N/z9wAFsgBhcsF0ruoySS22mA==",
			"dev": true,
			"bin": {
				"tsc": "bin/tsc",
				"tsserver": "bin/tsserver"
			},
			"engines": {
				"node": ">=4.2.0"
			}
		}
	},
	"dependencies": {
		"@types/node": {
			"version": "16.11.49",
			"resolved": "https://registry.npmjs.org/@types/node/-/node-16.11.49.tgz",
			"integrity": "sha512-Abq9fBviLV93OiXMu+f6r0elxCzRwc0RC5f99cU892uBITL44pTvgvEqlRlPRi8EGcO1z7Cp8A4d0s/p3J/+Nw=="
		},
		"typescript": {
			"version": "4.7.3",
			"resolved": "https://registry.npmjs.org/typescript/-/typescript-4.7.3.tgz",
			"integrity": "sha512-WOkT3XYvrpXx4vMMqlD+8R8R37fZkjyLGlxavMc4iB8lrl8L0DeTcHbYgw/v0N/z9wAFsgBhcsF0ruoySS22mA==",
			"dev": true
		}
	}
}
